
Microsoft Visual Studio Solution File, Format Version 12.00
# Visual Studio Version 17
VisualStudioVersion = 17.4.33122.133
MinimumVisualStudioVersion = 10.0.40219.1
Project("{FAE04EC0-301F-11D3-BF4B-00C04F79EFBC}") = "U1-W3-D5-BACK-PROGETTO", "U1-W3-D5-BACK-PROGETTO\U1-W3-D5-BACK-PROGETTO.csproj", "{3B80C216-60EC-4011-9138-17DE891E9862}"
EndProject
Global
	GlobalSection(SolutionConfigurationPlatforms) = preSolution
		Debug|Any CPU = Debug|Any CPU
		Release|Any CPU = Release|Any CPU
	EndGlobalSection
	GlobalSection(ProjectConfigurationPlatforms) = postSolution
		{3B80C216-60EC-4011-9138-17DE891E9862}.Debug|Any CPU.ActiveCfg = Debug|Any CPU
		{3B80C216-60EC-4011-9138-17DE891E9862}.Debug|Any CPU.Build.0 = Debug|Any CPU
		{3B80C216-60EC-4011-9138-17DE891E9862}.Release|Any CPU.ActiveCfg = Release|Any CPU
		{3B80C216-60EC-4011-9138-17DE891E9862}.Release|Any CPU.Build.0 = Release|Any CPU
	EndGlobalSection
	GlobalSection(SolutionProperties) = preSolution
		HideSolutionNode = FALSE
	EndGlobalSection
	GlobalSection(ExtensibilityGlobals) = postSolution
		SolutionGuid = {9E9C038D-F065-462D-81BC-57EF59B9289A}
	EndGlobalSection
EndGlobal
